github.com/MicahParks/jwkset v0.11.0 h1:yc0zG+jCvZpWgFDFmvs8/8jqqVBG9oyIbmBtmjOhoyQ=
github.com/MicahParks/jwkset v0.11.0/go.mod h1:U2oRhRaLgDCLjtpGL2GseNKGmZtLs/3O7p+OZaL5vo0=
github.com/MicahParks/keyfunc/v3 v3.7.0 h1:pdafUNyq+p3ZlvjJX1HWFP7MA3+cLpDtg69U3kITJGM=
github.com/MicahParks/keyfunc/v3 v3.7.0/go.mod h1:z66bkCviwqfg2YUp+Jcc/xRE9IXLcMq6DrgV/+Htru0=
github.com/andybalholm/brotli v1.1.0 h1:eLKJA0d02Lf0mVpIDgYnqXcUn0GqVmEFny3VuID1U3M=
github.com/andybalholm/brotli v1.1.0/go.mod h1:sms7XGricyQI9K10gOSf56VKKWS4oLer58Q+mhRPtnY=
github.com/antlr4-go/antlr/v4 v4.13.0 h1:lxCg3LAv+EUK6t1i0y1V6/SLeUi0eKEKdhQAlS8TVTI=
github.com/antlr4-go/antlr/v4 v4.13.0/go.mod h1:pfChB/xh/Unjila75QW7+VU4TSnWnnk9UTnmpPaOR2g=
github.com/aws/aws-sdk-go-v2 v1.32.6 h1:7BokKRgRPuGmKkFMhEg/jSul+tB9VvXhcViILtfG8b4=
github.com/aws/aws-sdk-go-v2 v1.32.6/go.mod h1:P5WJBrYqqbWVaOxgH0X/FYYD47/nooaPOZPlQdmiN2U=
github.com/aws/aws-sdk-go-v2/aws/protocol/eventstream v1.6.7 h1:lL7IfaFzngfx0ZwUGOZdsFFnQ5uLvR0hWqqhyE7Q9M8=
github.com/aws/aws-sdk-go-v2/aws/protocol/eventstream v1.6.7/go.mod h1:QraP0UcVlQJsmHfioCrveWOC1nbiWUl3ej08h4mXWoc=
github.com/aws/aws-sdk-go-v2/config v1.28.6 h1:D89IKtGrs/I3QXOLNTH93NJYtDhm8SYa9Q5CsPShmyo=
github.com/aws/aws-sdk-go-v2/config v1.28.6/go.mod h1:GDzxJ5wyyFSCoLkS+UhGB0dArhb9mI+Co4dHtoTxbko=
github.com/aws/aws-sdk-go-v2/credentials v1.17.47 h1:48bA+3/fCdi2yAwVt+3COvmatZ6jUDNkDTIsqDiMUdw=
github.com/aws/aws-sdk-go-v2/credentials v1.17.47/go.mod h1:+KdckOejLW3Ks3b0E3b5rHsr2f9yuORBum0WPnE5o5w=
github.com/aws/aws-sdk-go-v2/feature/ec2/imds v1.16.21 h1:AmoU1pziydclFT/xRV+xXE/Vb8fttJCLRPv8oAkprc0=
github.com/aws/aws-sdk-go-v2/feature/ec2/imds v1.16.21/go.mod h1:AjUdLYe4Tgs6kpH4Bv7uMZo7pottoyHMn4eTcIcneaY=
github.com/aws/aws-sdk-go-v2/internal/configsources v1.3.25 h1:s/fF4+yDQDoElYhfIVvSNyeCydfbuTKzhxSXDXCPasU=
github.com/aws/aws-sdk-go-v2/internal/configsources v1.3.25/go.mod h1:IgPfDv5jqFIzQSNbUEMoitNooSMXjRSDkhXv8jiROvU=
github.com/aws/aws-sdk-go-v2/internal/endpoints/v2 v2.6.25 h1:ZntTCl5EsYnhN/IygQEUugpdwbhdkom9uHcbCftiGgA=
github.com/aws/aws-sdk-go-v2/internal/endpoints/v2 v2.6.25/go.mod h1:DBdPrgeocww+CSl1C8cEV8PN1mHMBhuCDLpXezyvWkE=
github.com/aws/aws-sdk-go-v2/internal/ini v1.8.1 h1:VaRN3TlFdd6KxX1x3ILT5ynH6HvKgqdiXoTxAF4HQcQ=
github.com/aws/aws-sdk-go-v2/internal/ini v1.8.1/go.mod h1:FbtygfRFze9usAadmnGJNc8KsP346kEe+y2/oyhGAGc=
github.com/aws/aws-sdk-go-v2/internal/v4a v1.3.25 h1:r67ps7oHCYnflpgDy2LZU0MAQtQbYIOqNNnqGO6xQkE=
github.com/aws/aws-sdk-go-v2/internal/v4a v1.3.25/go.mod h1:GrGY+Q4fIokYLtjCVB/aFfCVL6hhGUFl8inD18fDalE=
github.com/aws/aws-sdk-go-v2/service/internal/accept-encoding v1.12.1 h1:iXtILhvDxB6kPvEXgsDhGaZCSC6LQET5ZHSdJozeI0Y=
github.com/aws/aws-sdk-go-v2/service/internal/accept-encoding v1.12.1/go.mod h1:9nu0fVANtYiAePIBh2/pFUSwtJ402hLnp854CNoDOeE=
github.com/aws/aws-sdk-go-v2/service/internal/checksum v1.4.6 h1:HCpPsWqmYQieU7SS6E9HXfdAMSud0pteVXieJmcpIRI=
github.com/aws/aws-sdk-go-v2/service/internal/checksum v1.4.6/go.mod h1:ngUiVRCco++u+soRRVBIvBZxSMMvOVMXA4PJ36JLfSw=
github.com/aws/aws-sdk-go-v2/service/internal/presigned-url v1.12.6 h1:50+XsN70RS7dwJ2CkVNXzj7U2L1HKP8nqTd3XWEXBN4=
github.com/aws/aws-sdk-go-v2/service/internal/presigned-url v1.12.6/go.mod h1:WqgLmwY7so32kG01zD8CPTJWVWM+TzJoOVHwTg4aPug=
github.com/aws/aws-sdk-go-v2/service/internal/s3shared v1.18.6 h1:BbGDtTi0T1DYlmjBiCr/le3wzhA37O8QTC5/Ab8+EXk=
github.com/aws/aws-sdk-go-v2/service/internal/s3shared v1.18.6/go.mod h1:hLMJt7Q8ePgViKupeymbqI0la+t9/iYFBjxQCFwuAwI=
github.com/aws/aws-sdk-go-v2/service/s3 v1.71.0 h1:nyuzXooUNJexRT0Oy0UQY6AhOzxPxhtt4DcBIHyCnmw=
github.com/aws/aws-sdk-go-v2/service/s3 v1.71.0/go.mod h1:sT/iQz8JK3u/5gZkT+Hmr7GzVZehUMkRZpOaAwYXeGY=
github.com/aws/aws-sdk-go-v2/service/sso v1.24.7 h1:rLnYAfXQ3YAccocshIH5mzNNwZBkBo+bP6EhIxak6Hw=
github.com/aws/aws-sdk-go-v2/service/sso v1.24.7/go.mod h1:ZHtuQJ6t9A/+YDuxOLnbryAmITtr8UysSny3qcyvJTc=
github.com/aws/aws-sdk-go-v2/service/ssooidc v1.28.6 h1:JnhTZR3PiYDNKlXy50/pNeix9aGMo6lLpXwJ1mw8MD4=
github.com/aws/aws-sdk-go-v2/service/ssooidc v1.28.6/go.mod h1:URronUEGfXZN1VpdktPSD1EkAL9mfrV+2F4sjH38qOY=
github.com/aws/aws-sdk-go-v2/service/sts v1.33.2 h1:s4074ZO1Hk8qv65GqNXqDjmkf4HSQqJukaLuuW0TpDA=
github.com/aws/aws-sdk-go-v2/service/sts v1.33.2/go.mod h1:mVggCnIWoM09jP71Wh+ea7+5gAp53q+49wDFs1SW5z8=
github.com/aws/smithy-go v1.22.1 h1:/HPHZQ0g7f4eUeK6HKglFz8uwVfZKgoI25rb/J+dnro=
github.com/aws/smithy-go v1.22.1/go.mod h1:irrKGvNn1InZwb2d7fkIRNucdfwR8R+Ts3wxYa/cJHg=
github.com/bahlo/generic-list-go v0.2.0 h1:5sz/EEAK+ls5wF+NeqDpk5+iNdMDXrh3z3nPnH1Wvgk=
github.com/bahlo/generic-list-go v0.2.0/go.mod h1:2KvAjgMlE5NNynlg/5iLrrCCZ2+5xWbdbCW3pNTGyYg=
github.com/buger/jsonparser v1.1.1 h1:2PnMjfWD7wBILjqQbt530v576A/cAbQvEW9gGIpYMUs=
github.com/buger/jsonparser v1.1.1/go.mod h1:6RYKKt7H4d4+iWqouImQ9R2FZql3VbhNgx27UK13J/0=
github.com/coder/websocket v1.8.12 h1:5bUXkEPPIbewrnkU8LTCLVaxi4N4J8ahufH2vlo4NAo=
github.com/coder/websocket v1.8.12/go.mod h1:LNVeNrXQZfe5qhS9ALED3uA+l5pPqvwXg3CKoDBB2gs=
github.com/davecgh/go-spew v1.1.1 h1:vj9j/u1bqnvCEfJOwUhtlOARqs3+rkHYY13jYWTU97c=
github.com/davecgh/go-spew v1.1.1/go.mod h1:J7Y8YcW2NihsgmVo/mv3lAwl/skON4iLHjSsI+c5H38=
github.com/frankban/quicktest v1.14.6 h1:7Xjx+VpznH+oBnejlPUj8oUpdxnVs4f8XU8WnHkI4W8=
github.com/frankban/quicktest v1.14.6/go.mod h1:4ptaffx2x8+WTWXmUCuVU6aPUX1/Mz7zb5vbUoiM6w0=
github.com/gofiber/fiber/v2 v2.52.9 h1:YjKl5DOiyP3j0mO61u3NTmK7or8GzzWzCFzkboyP5cw=
github.com/gofiber/fiber/v2 v2.52.9/go.mod h1:YEcBbO/FB+5M1IZNBP9FO3J9281zgPAreiI1oqg8nDw=
github.com/golang-jwt/jwt/v5 v5.3.0 h1:pv4AsKCKKZuqlgs5sUmn4x8UlGa0kEVt/puTpKx9vvo=
github.com/golang-jwt/jwt/v5 v5.3.0/go.mod h1:fxCRLWMO43lRc8nhHWY6LGqRcf+1gQWArsqaEUEa5bE=
github.com/google/go-cmp v0.5.9 h1:O2Tfq5qg4qc4AmwVlvv0oLiVAGB7enBSJ2x2DqQFi38=
github.com/google/go-cmp v0.5.9/go.mod h1:17dUlkBOakJ0+DkrSSNjCkIjxS6bF9zb3elmeNGIjoY=
github.com/google/uuid v1.6.0 h1:NIvaJDMOsjHA8n1jAhLSgzrAzy1Hgr+hNrb57e+94F0=
github.com/google/uuid v1.6.0/go.mod h1:TIyPZe4MgqvfeYDBFedMoGGpEw/LqOeaOT+nhxU+yHo=
github.com/invopop/jsonschema v0.13.0 h1:KvpoAJWEjR3uD9Kbm2HWJmqsEaHt8lBUpd0qHcIi21E=
github.com/invopop/jsonschema v0.13.0/go.mod h1:ffZ5Km5SWWRAIN6wbDXItl95euhFz2uON45H2qjYt+0=
github.com/jinzhu/inflection v1.0.0 h1:K317FqzuhWc8YvSVlFMCCUb36O/S9MCKRDI7QkRKD/E=
github.com/jinzhu/inflection v1.0.0/go.mod h1:h+uFLlag+Qp1Va5pdKtLDYj+kHp5pxUVkryuEj+Srlc=
github.com/jinzhu/now v1.1.5 h1:/o9tlHleP7gOFmsnYNz3RGnqzefHA47wQpKrrdTIwXQ=
github.com/jinzhu/now v1.1.5/go.mod h1:d3SSVoowX0Lcu0IBviAWJpolVfI5UJVZZ7cO71lE/z8=
github.com/joho/godotenv v1.5.1 h1:7eLL/+HRGLY0ldzfGMeQkb7vMd0as4CfYvUVzLqw0N0=
github.com/joho/godotenv v1.5.1/go.mod h1:f4LDr5Voq0i2e/R5DDNOoa2zzDfwtkZa6DnEwAbqwq4=
github.com/josharian/intern v1.0.0/go.mod h1:5DoeVV0s6jJacbCEi61lwdGj/aVlrQvzHFFd8Hwg//Y=
github.com/klauspost/compress v1.17.9 h1:6KIumPrER1LHsvBVuDa0r5xaG0Es51mhhB9BQB2qeMA=
github.com/klauspost/compress v1.17.9/go.mod h1:Di0epgTjJY877eYKx5yC51cX2A2Vl2ibi7bDH9ttBbw=
github.com/kr/pretty v0.3.1 h1:flRD4NNwYAUpkphVc1HcthR4KEIFJ65n8Mw5qdRn3LE=
github.com/kr/pretty v0.3.1/go.mod h1:hoEshYVHaxMs3cyo3Yncou5ZscifuDolrwPKZanG3xk=
github.com/kr/text v0.2.0 h1:5Nx0Ya0ZqY2ygV366QzturHI13Jq95ApcVaJBhpS+AY=
github.com/kr/text v0.2.0/go.mod h1:eLer722TekiGuMkidMxC/pM04lWEeraHUUmBw8l2grE=
github.com/mailru/easyjson v0.7.7 h1:UGYAvKxe3sBsEDzO8ZeWOSlIQfWFlxbzLZe7hwFURr0=
github.com/mailru/easyjson v0.7.7/go.mod h1:xzfreul335JAWq5oZzymOObrkdz5UnU4kGfJJLY9Nlc=
github.com/mark3labs/mcp-go v0.37.0 h1:BywvZLPRT6Zx6mMG/MJfxLSZQkTGIcJSEGKsvr4DsoQ=
github.com/mark3labs/mcp-go v0.37.0/go.mod h1:T7tUa2jO6MavG+3P25Oy/jR7iCeJPHImCZHRymCn39g=
github.com/mattn/go-colorable v0.1.13 h1:fFA4WZxdEF4tXPZVKMLwD8oUnCTTo08duU7wxecdEvA=
github.com/mattn/go-colorable v0.1.13/go.mod h1:7S9/ev0klgBDR4GtXTXX8a3vIGJpMovkB8vQcUbaXHg=
github.com/mattn/go-isatty v0.0.16/go.mod h1:kYGgaQfpe5nmfYZH+SKPsOc2e4SrIfOl2e/yFXSvRLM=
github.com/mattn/go-isatty v0.0.20 h1:xfD0iDuEKnDkl03q4limB+vH+GxLEtL/jb4xVJSWWEY=
github.com/mattn/go-isatty v0.0.20/go.mod h1:W+V8PltTTMOvKvAeJH7IuucS94S2C6jfK/D7dTCTo3Y=
github.com/mattn/go-runewidth v0.0.16 h1:E5ScNMtiwvlvB5paMFdw9p4kSQzbXFikJ5SQO6TULQc=
github.com/mattn/go-runewidth v0.0.16/go.mod h1:Jdepj2loyihRzMpdS35Xk/zdY8IAYHsh153qUoGf23w=
github.com/mattn/go-sqlite3 v1.14.22 h1:2gZY6PC6kBnID23Tichd1K+Z0oS6nE/XwU+Vz/5o4kU=
github.com/mattn/go-sqlite3 v1.14.22/go.mod h1:Uh1q+B4BYcTPb+yiD3kU8Ct7aC0hY9fxUwlHK0RXw+Y=
github.com/pmezard/go-difflib v1.0.0 h1:4DBwDE0NGyQoBHbLQYPwSUPoCMWR5BEzIk/f1lZbAQM=
github.com/pmezard/go-difflib v1.0.0/go.mod h1:iKH77koFhYxTK1pcRnkKkqfTogsbg7gZNVY4sRDYZ/4=
github.com/rivo/uniseg v0.2.0 h1:S1pD9weZBuJdFmowNwbpi7BJ8TNftyUImj/0WQi72jY=
github.com/rivo/uniseg v0.2.0/go.mod h1:J6wj4VEh+S6ZtnVlnTBMWIodfgj8LQOQFoIToxlJtxc=
github.com/rogpeppe/go-internal v1.9.0 h1:73kH8U+JUqXU8lRuOHeVHaa/SZPifC7BkcraZVejAe8=
github.com/rogpeppe/go-internal v1.9.0/go.mod h1:WtVeX8xhTBvf0smdhujwtBcq4Qrzq/fJaraNFVN+nFs=
github.com/rxtech-lab/mcprouter-authenticator v1.0.5 h1:8Mi7RA8aPHVJSdgDgI2QcxEpg1NPDWM/eO7zq1X3bwI=
github.com/rxtech-lab/mcprouter-authenticator v1.0.5/go.mod h1:emUd4YkDWii5pMj6W4zJVelUhtq9fL+jCkar0Bsq9s8=
github.com/spf13/cast v1.7.1 h1:cuNEagBQEHWN1FnbGEjCXL2szYEXqfJPbP2HNUaca9Y=
github.com/spf13/cast v1.7.1/go.mod h1:ancEpBxwJDODSW/UG4rDrAqiKolqNNh2DX3mk86cAdo=
github.com/stretchr/testify v1.10.0 h1:Xv5erBjTwe/5IxqUQTdXv5kgmIvbHo3QQyRwhJsOfJA=
github.com/stretchr/testify v1.10.0/go.mod h1:r2ic/lqez/lEtzL7wO/rwa5dbSLXVDPFyf8C91i36aY=
github.com/tursodatabase/libsql-client-go v0.0.0-20240902231107-85af5b9d094d h1:dOMI4+zEbDI37KGb0TI44GUAwxHF9cMsIoDTJ7UmgfU=
github.com/tursodatabase/libsql-client-go v0.0.0-20240902231107-85af5b9d094d/go.mod h1:l8xTsYB90uaVdMHXMCxKKLSgw5wLYBwBKKefNIUnm9s=
github.com/valyala/bytebufferpool v1.0.0 h1:GqA5TC/0021Y/b9FG4Oi9Mr3q7XYx6KllzawFIhcdPw=
github.com/valyala/bytebufferpool v1.0.0/go.mod h1:6bBcMArwyJ5K/AmCkWv1jt77kVWyCJ6HpOuEn7z0Csc=
github.com/valyala/fasthttp v1.51.0 h1:8b30A5JlZ6C7AS81RsWjYMQmrZG6feChmgAolCl1SqA=
github.com/valyala/fasthttp v1.51.0/go.mod h1:oI2XroL+lI7vdXyYoQk03bXBThfFl2cVdIA3Xl7cH8g=
github.com/valyala/tcplisten v1.0.0 h1:rBHj/Xf+E1tRGZyWIWwJDiRY0zc1Js+CV5DqwacVSA8=
github.com/valyala/tcplisten v1.0.0/go.mod h1:T0xQ8SeCZGxckz9qRXTfG43PvQ/mcWh7FwZEA7Ioqkc=
github.com/wk8/go-ordered-map/v2 v2.1.8 h1:5h/BUHu93oj4gIdvHHHGsScSTMijfx5PeYkE/fJgbpc=
github.com/wk8/go-ordered-map/v2 v2.1.8/go.mod h1:5nJHM5DyteebpVlHnWMV0rPz6Zp7+xBAnxjb1X5vnTw=
github.com/yosida95/uritemplate/v3 v3.0.2 h1:Ed3Oyj9yrmi9087+NczuL5BwkIc4wvTb5zIM+UJPGz4=
github.com/yosida95/uritemplate/v3 v3.0.2/go.mod h1:ILOh0sOhIJR3+L/8afwt/kE++YT040gmv5BQTMR2HP4=
golang.org/x/exp v0.0.0-20240325151524-a685a6edb6d8 h1:aAcj0Da7eBAtrTp03QXWvm88pSyOt+UgdZw2BFZ+lEw=
golang.org/x/exp v0.0.0-20240325151524-a685a6edb6d8/go.mod h1:CQ1k9gNrJ50XIzaKCRR2hssIjF07kZFEiieALBM/ARQ=
golang.org/x/sys v0.0.0-20220811171246-fbc7d0a398ab/go.mod h1:oPkhp1MJrh7nUepCBck5+mAzfO9JrbApNNgaTdGDITg=
golang.org/x/sys v0.6.0/go.mod h1:oPkhp1MJrh7nUepCBck5+mAzfO9JrbApNNgaTdGDITg=
golang.org/x/sys v0.34.0 h1:H5Y5sJ2L2JRdyv7ROF1he/lPdvFsd0mJHFw2ThKHxLA=
golang.org/x/sys v0.34.0/go.mod h1:BJP2sWEmIv4KK5OTEluFJCKSidICx8ciO85XgH3Ak8k=
golang.org/x/text v0.22.0 h1:bofq7m3/HAFvbF51jz3Q9wLg3jkvSPuiZu/pD1XwgtM=
golang.org/x/text v0.22.0/go.mod h1:YRoo4H8PVmsu+E3Ou7cqLVH8oXWIHVoX0jqUWALQhfY=
golang.org/x/time v0.9.0 h1:EsRrnYcQiGH+5FfbgvV4AP7qEZstoyrHB0DzarOQ4ZY=
golang.org/x/time v0.9.0/go.mod h1:3BpzKBy/shNhVucY/MWOyx10tF3SFh9QdLuxbVysPQM=
gopkg.in/check.v1 v0.0.0-20161208181325-20d25e280405 h1:yhCVgyC4o1eVCa2tZl7eS0r+SDo693bJlVdllGtEeKM=
gopkg.in/check.v1 v0.0.0-20161208181325-20d25e280405/go.mod h1:Co6ibVJAznAaIkqp8huTwlJQCZ016jof/cbN4VW5Yz0=
gopkg.in/yaml.v3 v3.0.1 h1:fxVm/GzAzEWqLHuvctI91KS9hhNmmWOoWu0XTYJS7CA=
gopkg.in/yaml.v3 v3.0.1/go.mod h1:K4uyk7z7BCEPqu6E+C64Yfv1cQ7kz7rIZviUmN+EgEM=
gorm.io/driver/sqlite v1.5.6 h1:fO/X46qn5NUEEOZtnjJRWRzZMe8nqJiQ9E+0hi+hKQE=
gorm.io/driver/sqlite v1.5.6/go.mod h1:U+J8craQU6Fzkcvu8oLeAQmi50TkwPEhHDEjQZXDah4=
gorm.io/gorm v1.25.12 h1:I0u8i2hWQItBq1WfE0o2+WuL9+8L21K9e2HHSTE/0f8=
gorm.io/gorm v1.25.12/go.mod h1:xh7N7RHfYlNc5EmcI/El95gXusucDrQnHXe0+CgWcLQ=
